// !$*UTF8*$!
{
	archiveVersion = 1;
	classes = {
	};
	objectVersion = 48;
	objects = {

/* Begin PBXBuildFile section */
		9198D94D20043C0000A74271 /* AppDelegate.swift in Sources */ = {isa = PBXBuildFile; fileRef = 9198D94C20043C0000A74271 /* AppDelegate.swift */; };
		9198D94F20043C0000A74271 /* ViewController.swift in Sources */ = {isa = PBXBuildFile; fileRef = 9198D94E20043C0000A74271 /* ViewController.swift */; };
		9198D95220043C0000A74271 /* Main.storyboard in Resources */ = {isa = PBXBuildFile; fileRef = 9198D95020043C0000A74271 /* Main.storyboard */; };
		9198D95420043C0000A74271 /* Assets.xcassets in Resources */ = {isa = PBXBuildFile; fileRef = 9198D95320043C0000A74271 /* Assets.xcassets */; };
		9198D95720043C0000A74271 /* LaunchScreen.storyboard in Resources */ = {isa = PBXBuildFile; fileRef = 9198D95520043C0000A74271 /* LaunchScreen.storyboard */; };
		9198D96220043C0000A74271 /* ARKitGameTests.swift in Sources */ = {isa = PBXBuildFile; fileRef = 9198D96120043C0000A74271 /* ARKitGameTests.swift */; };
		9198D96D20043C0000A74271 /* ARKitGameUITests.swift in Sources */ = {isa = PBXBuildFile; fileRef = 9198D96C20043C0000A74271 /* ARKitGameUITests.swift */; };
		9198D97D20045DF300A74271 /* SpaceShip.swift in Sources */ = {isa = PBXBuildFile; fileRef = 9198D97C20045DF300A74271 /* SpaceShip.swift */; };
		9198D97F20045E7A00A74271 /* art.scnassets in Resources */ = {isa = PBXBuildFile; fileRef = 9198D97E20045E7A00A74271 /* art.scnassets */; };
/* End PBXBuildFile section */

/* Begin PBXContainerItemProxy section */
		9198D95E20043C0000A74271 /* PBXContainerItemProxy */ = {
			isa = PBXContainerItemProxy;
			containerPortal = 9198D94120043C0000A74271 /* Project object */;
			proxyType = 1;
			remoteGlobalIDString = 9198D94820043C0000A74271;
			remoteInfo = ARKitGame;
		};
		9198D96920043C0000A74271 /* PBXContainerItemProxy */ = {
			isa = PBXContainerItemProxy;
			containerPortal = 9198D94120043C0000A74271 /* Project object */;
			proxyType = 1;
			remoteGlobalIDString = 9198D94820043C0000A74271;
			remoteInfo = ARKitGame;
		};
/* End PBXContainerItemProxy section */

/* Begin PBXFileReference section */
		9198D94920043C0000A74271 /* ARKitGame.app */ = {isa = PBXFileReference; explicitFileType = wrapper.application; includeInIndex = 0; path = ARKitGame.app; sourceTree = BUILT_PRODUCTS_DIR; };
		9198D94C20043C0000A74271 /* AppDelegate.swift */ = {isa = PBXFileReference; lastKnownFileType = sourcecode.swift; path = AppDelegate.swift; sourceTree = "<group>"; };
		9198D94E20043C0000A74271 /* ViewController.swift */ = {isa = PBXFileReference; lastKnownFileType = sourcecode.swift; path = ViewController.swift; sourceTree = "<group>"; };
		9198D95120043C0000A74271 /* Base */ = {isa = PBXFileReference; lastKnownFileType = file.storyboard; name = Base; path = Base.lproj/Main.storyboard; sourceTree = "<group>"; };
		9198D95320043C0000A74271 /* Assets.xcassets */ = {isa = PBXFileReference; lastKnownFileType = folder.assetcatalog; path = Assets.xcassets; sourceTree = "<group>"; };
		9198D95620043C0000A74271 /* Base */ = {isa = PBXFileReference; lastKnownFileType = file.storyboard; name = Base; path = Base.lproj/LaunchScreen.storyboard; sourceTree = "<group>"; };
		9198D95820043C0000A74271 /* Info.plist */ = {isa = PBXFileReference; lastKnownFileType = text.plist.xml; path = Info.plist; sourceTree = "<group>"; };
		9198D95D20043C0000A74271 /* ARKitGameTests.xctest */ = {isa = PBXFileReference; explicitFileType = wrapper.cfbundle; includeInIndex = 0; path = ARKitGameTests.xctest; sourceTree = BUILT_PRODUCTS_DIR; };
		9198D96120043C0000A74271 /* ARKitGameTests.swift */ = {isa = PBXFileReference; lastKnownFileType = sourcecode.swift; path = ARKitGameTests.swift; sourceTree = "<group>"; };
		9198D96320043C0000A74271 /* Info.plist */ = {isa = PBXFileReference; lastKnownFileType = text.plist.xml; path = Info.plist; sourceTree = "<group>"; };
		9198D96820043C0000A74271 /* ARKitGameUITests.xctest */ = {isa = PBXFileReference; explicitFileType = wrapper.cfbundle; includeInIndex = 0; path = ARKitGameUITests.xctest; sourceTree = BUILT_PRODUCTS_DIR; };
		9198D96C20043C0000A74271 /* ARKitGameUITests.swift */ = {isa = PBXFileReference; lastKnownFileType = sourcecode.swift; path = ARKitGameUITests.swift; sourceTree = "<group>"; };
		9198D96E20043C0000A74271 /* Info.plist */ = {isa = PBXFileReference; lastKnownFileType = text.plist.xml; path = Info.plist; sourceTree = "<group>"; };
		9198D97C20045DF300A74271 /* SpaceShip.swift */ = {isa = PBXFileReference; lastKnownFileType = sourcecode.swift; path = SpaceShip.swift; sourceTree = "<group>"; };
		9198D97E20045E7A00A74271 /* art.scnassets */ = {isa = PBXFileReference; lastKnownFileType = wrapper.scnassets; path = art.scnassets; sourceTree = "<group>"; };
/* End PBXFileReference section */

/* Begin PBXFrameworksBuildPhase section */
		9198D94620043C0000A74271 /* Frameworks */ = {
			isa = PBXFrameworksBuildPhase;
			buildActionMask = 2147483647;
			files = (
			);
			runOnlyForDeploymentPostprocessing = 0;
		};
		9198D95A20043C0000A74271 /* Frameworks */ = {
			isa = PBXFrameworksBuildPhase;
			buildActionMask = 2147483647;
			files = (
			);
			runOnlyForDeploymentPostprocessing = 0;
		};
		9198D96520043C0000A74271 /* Frameworks */ = {
			isa = PBXFrameworksBuildPhase;
			buildActionMask = 2147483647;
			files = (
			);
			runOnlyForDeploymentPostprocessing = 0;
		};
/* End PBXFrameworksBuildPhase section */

/* Begin PBXGroup section */
		9198D94020043C0000A74271 = {
			isa = PBXGroup;
			children = (
				9198D94B20043C0000A74271 /* ARKitGame */,
				9198D96020043C0000A74271 /* ARKitGameTests */,
				9198D96B20043C0000A74271 /* ARKitGameUITests */,
				9198D94A20043C0000A74271 /* Products */,
			);
			sourceTree = "<group>";
		};
		9198D94A20043C0000A74271 /* Products */ = {
			isa = PBXGroup;
			children = (
				9198D94920043C0000A74271 /* ARKitGame.app */,
				9198D95D20043C0000A74271 /* ARKitGameTests.xctest */,
				9198D96820043C0000A74271 /* ARKitGameUITests.xctest */,
			);
			name = Products;
			sourceTree = "<group>";
		};
		9198D94B20043C0000A74271 /* ARKitGame */ = {
			isa = PBXGroup;
			children = (
				9198D94C20043C0000A74271 /* AppDelegate.swift */,
				9198D94E20043C0000A74271 /* ViewController.swift */,
				9198D97C20045DF300A74271 /* SpaceShip.swift */,
				9198D97E20045E7A00A74271 /* art.scnassets */,
				9198D95020043C0000A74271 /* Main.storyboard */,
				9198D95320043C0000A74271 /* Assets.xcassets */,
				9198D95520043C0000A74271 /* LaunchScreen.storyboard */,
				9198D95820043C0000A74271 /* Info.plist */,
			);
			path = ARKitGame;
			sourceTree = "<group>";
		};
		9198D96020043C0000A74271 /* ARKitGameTests */ = {
			isa = PBXGroup;
			children = (
				9198D96120043C0000A74271 /* ARKitGameTests.swift */,
				9198D96320043C0000A74271 /* Info.plist */,
			);
			path = ARKitGameTests;
			sourceTree = "<group>";
		};
		9198D96B20043C0000A74271 /* ARKitGameUITests */ = {
			isa = PBXGroup;
			children = (
				9198D96C20043C0000A74271 /* ARKitGameUITests.swift */,
				9198D96E20043C0000A74271 /* Info.plist */,
			);
			path = ARKitGameUITests;
			sourceTree = "<group>";
		};
/* End PBXGroup section */

/* Begin PBXNativeTarget section */
		9198D94820043C0000A74271 /* ARKitGame */ = {
			isa = PBXNativeTarget;
			buildConfigurationList = 9198D97120043C0000A74271 /* Build configuration list for PBXNativeTarget "ARKitGame" */;
			buildPhases = (
				9198D94520043C0000A74271 /* Sources */,
				9198D94620043C0000A74271 /* Frameworks */,
				9198D94720043C0000A74271 /* Resources */,
			);
			buildRules = (
			);
			dependencies = (
			);
			name = ARKitGame;
			productName = ARKitGame;
			productReference = 9198D94920043C0000A74271 /* ARKitGame.app */;
			productType = "com.apple.product-type.application";
		};
		9198D95C20043C0000A74271 /* ARKitGameTests */ = {
			isa = PBXNativeTarget;
			buildConfigurationList = 9198D97420043C0000A74271 /* Build configuration list for PBXNativeTarget "ARKitGameTests" */;
			buildPhases = (
				9198D95920043C0000A74271 /* Sources */,
				9198D95A20043C0000A74271 /* Frameworks */,
				9198D95B20043C0000A74271 /* Resources */,
			);
			buildRules = (
			);
			dependencies = (
				9198D95F20043C0000A74271 /* PBXTargetDependency */,
			);
			name = ARKitGameTests;
			productName = ARKitGameTests;
			productReference = 9198D95D20043C0000A74271 /* ARKitGameTests.xctest */;
			productType = "com.apple.product-type.bundle.unit-test";
		};
		9198D96720043C0000A74271 /* ARKitGameUITests */ = {
			isa = PBXNativeTarget;
			buildConfigurationList = 9198D97720043C0000A74271 /* Build configuration list for PBXNativeTarget "ARKitGameUITests" */;
			buildPhases = (
				9198D96420043C0000A74271 /* Sources */,
				9198D96520043C0000A74271 /* Frameworks */,
				9198D96620043C0000A74271 /* Resources */,
			);
			buildRules = (
			);
			dependencies = (
				9198D96A20043C0000A74271 /* PBXTargetDependency */,
			);
			name = ARKitGameUITests;
			productName = ARKitGameUITests;
			productReference = 9198D96820043C0000A74271 /* ARKitGameUITests.xctest */;
			productType = "com.apple.product-type.bundle.ui-testing";
		};
/* End PBXNativeTarget section */

/* Begin PBXProject section */
		9198D94120043C0000A74271 /* Project object */ = {
			isa = PBXProject;
			attributes = {
				LastSwiftUpdateCheck = 0920;
				LastUpgradeCheck = 0920;
				ORGANIZATIONNAME = "Chris McGlynn";
				TargetAttributes = {
					9198D94820043C0000A74271 = {
						CreatedOnToolsVersion = 9.2;
						ProvisioningStyle = Automatic;
					};
					9198D95C20043C0000A74271 = {
						CreatedOnToolsVersion = 9.2;
						ProvisioningStyle = Automatic;
						TestTargetID = 9198D94820043C0000A74271;
					};
					9198D96720043C0000A74271 = {
						CreatedOnToolsVersion = 9.2;
						ProvisioningStyle = Automatic;
						TestTargetID = 9198D94820043C0000A74271;
					};
				};
			};
			buildConfigurationList = 9198D94420043C0000A74271 /* Build configuration list for PBXProject "ARKitGame" */;
			compatibilityVersion = "Xcode 8.0";
			developmentRegion = en;
			hasScannedForEncodings = 0;
			knownRegions = (
				en,
				Base,
			);
			mainGroup = 9198D94020043C0000A74271;
			productRefGroup = 9198D94A20043C0000A74271 /* Products */;
			projectDirPath = "";
			projectRoot = "";
			targets = (
				9198D94820043C0000A74271 /* ARKitGame */,
				9198D95C20043C0000A74271 /* ARKitGameTests */,
				9198D96720043C0000A74271 /* ARKitGameUITests */,
			);
		};
/* End PBXProject section */

/* Begin PBXResourcesBuildPhase section */
		9198D94720043C0000A74271 /* Resources */ = {
			isa = PBXResourcesBuildPhase;
			buildActionMask = 2147483647;
			files = (
				9198D95720043C0000A74271 /* LaunchScreen.storyboard in Resources */,
				9198D97F20045E7A00A74271 /* art.scnassets in Resources */,
				9198D95420043C0000A74271 /* Assets.xcassets in Resources */,
				9198D95220043C0000A74271 /* Main.storyboard in Resources */,
			);
			runOnlyForDeploymentPostprocessing = 0;
		};
		9198D95B20043C0000A74271 /* Resources */ = {
			isa = PBXResourcesBuildPhase;
			buildActionMask = 2147483647;
			files = (
			);
			runOnlyForDeploymentPostprocessing = 0;
		};
		9198D96620043C0000A74271 /* Resources */ = {
			isa = PBXResourcesBuildPhase;
			buildActionMask = 2147483647;
			files = (
			);
			runOnlyForDeploymentPostprocessing = 0;
		};
/* End PBXResourcesBuildPhase section */

/* Begin PBXSourcesBuildPhase section */
		9198D94520043C0000A74271 /* Sources */ = {
			isa = PBXSourcesBuildPhase;
			buildActionMask = 2147483647;
			files = (
				9198D97D20045DF300A74271 /* SpaceShip.swift in Sources */,
				9198D94F20043C0000A74271 /* ViewController.swift in Sources */,
				9198D94D20043C0000A74271 /* AppDelegate.swift in Sources */,
			);
			runOnlyForDeploymentPostprocessing = 0;
		};
		9198D95920043C0000A74271 /* Sources */ = {
			isa = PBXSourcesBuildPhase;
			buildActionMask = 2147483647;
			files = (
				9198D96220043C0000A74271 /* ARKitGameTests.swift in Sources */,
			);
			runOnlyForDeploymentPostprocessing = 0;
		};
		9198D96420043C0000A74271 /* Sources */ = {
			isa = PBXSourcesBuildPhase;
			buildActionMask = 2147483647;
			files = (
				9198D96D20043C0000A74271 /* ARKitGameUITests.swift in Sources */,
			);
			runOnlyForDeploymentPostprocessing = 0;
		};
/* End PBXSourcesBuildPhase section */

/* Begin PBXTargetDependency section */
		9198D95F20043C0000A74271 /* PBXTargetDependency */ = {
			isa = PBXTargetDependency;
			target = 9198D94820043C0000A74271 /* ARKitGame */;
			targetProxy = 9198D95E20043C0000A74271 /* PBXContainerItemProxy */;
		};
		9198D96A20043C0000A74271 /* PBXTargetDependency */ = {
			isa = PBXTargetDependency;
			target = 9198D94820043C0000A74271 /* ARKitGame */;
			targetProxy = 9198D96920043C0000A74271 /* PBXContainerItemProxy */;
		};
/* End PBXTargetDependency section */

/* Begin PBXVariantGroup section */
		9198D95020043C0000A74271 /* Main.storyboard */ = {
			isa = PBXVariantGroup;
			children = (
				9198D95120043C0000A74271 /* Base */,
			);
			name = Main.storyboard;
			sourceTree = "<group>";
		};
		9198D95520043C0000A74271 /* LaunchScreen.storyboard */ = {
			isa = PBXVariantGroup;
			children = (
				9198D95620043C0000A74271 /* Base */,
			);
			name = LaunchScreen.storyboard;
			sourceTree = "<group>";
		};
/* End PBXVariantGroup section */

/* Begin XCBuildConfiguration section */
		9198D96F20043C0000A74271 /* Debug */ = {
			isa = XCBuildConfiguration;
			buildSettings = {
				ALWAYS_SEARCH_USER_PATHS = NO;
				CLANG_ANALYZER_NONNULL = YES;
				CLANG_ANALYZER_NUMBER_OBJECT_CONVERSION = YES_AGGRESSIVE;
				CLANG_CXX_LANGUAGE_STANDARD = "gnu++14";
				CLANG_CXX_LIBRARY = "libc++";
				CLANG_ENABLE_MODULES = YES;
				CLANG_ENABLE_OBJC_ARC = YES;
				CLANG_WARN_BLOCK_CAPTURE_AUTORELEASING = YES;
				CLANG_WARN_BOOL_CONVERSION = YES;
				CLANG_WARN_COMMA = YES;
				CLANG_WARN_CONSTANT_CONVERSION = YES;
				CLANG_WARN_DIRECT_OBJC_ISA_USAGE = YES_ERROR;
				CLANG_WARN_DOCUMENTATION_COMMENTS = YES;
				CLANG_WARN_EMPTY_BODY = YES;
				CLANG_WARN_ENUM_CONVERSION = YES;
				CLANG_WARN_INFINITE_RECURSION = YES;
				CLANG_WARN_INT_CONVERSION = YES;
				CLANG_WARN_NON_LITERAL_NULL_CONVERSION = YES;
				CLANG_WARN_OBJC_LITERAL_CONVERSION = YES;
				CLANG_WARN_OBJC_ROOT_CLASS = YES_ERROR;
				CLANG_WARN_RANGE_LOOP_ANALYSIS = YES;
				CLANG_WARN_STRICT_PROTOTYPES = YES;
				CLANG_WARN_SUSPICIOUS_MOVE = YES;
				CLANG_WARN_UNGUARDED_AVAILABILITY = YES_AGGRESSIVE;
				CLANG_WARN_UNREACHABLE_CODE = YES;
				CLANG_WARN__DUPLICATE_METHOD_MATCH = YES;
				CODE_SIGN_IDENTITY = "iPhone Developer";
				COPY_PHASE_STRIP = NO;
				DEBUG_INFORMATION_FORMAT = dwarf;
				ENABLE_STRICT_OBJC_MSGSEND = YES;
				ENABLE_TESTABILITY = YES;
				GCC_C_LANGUAGE_STANDARD = gnu11;
				GCC_DYNAMIC_NO_PIC = NO;
				GCC_NO_COMMON_BLOCKS = YES;
				GCC_OPTIMIZATION_LEVEL = 0;
				GCC_PREPROCESSOR_DEFINITIONS = (
					"DEBUG=1",
					"$(inherited)",
				);
				GCC_WARN_64_TO_32_BIT_CONVERSION = YES;
				GCC_WARN_ABOUT_RETURN_TYPE = YES_ERROR;
				GCC_WARN_UNDECLARED_SELECTOR = YES;
				GCC_WARN_UNINITIALIZED_AUTOS = YES_AGGRESSIVE;
				GCC_WARN_UNUSED_FUNCTION = YES;
				GCC_WARN_UNUSED_VARIABLE = YES;
				IPHONEOS_DEPLOYMENT_TARGET = 11.2;
				MTL_ENABLE_DEBUG_INFO = YES;
				ONLY_ACTIVE_ARCH = YES;
				SDKROOT = iphoneos;
				SWIFT_ACTIVE_COMPILATION_CONDITIONS = DEBUG;
				SWIFT_OPTIMIZATION_LEVEL = "-Onone";
			};
			name = Debug;
		};
		9198D97020043C0000A74271 /* Release */ = {
			isa = XCBuildConfiguration;
			buildSettings = {
				ALWAYS_SEARCH_USER_PATHS = NO;
				CLANG_ANALYZER_NONNULL = YES;
				CLANG_ANALYZER_NUMBER_OBJECT_CONVERSION = YES_AGGRESSIVE;
				CLANG_CXX_LANGUAGE_STANDARD = "gnu++14";
				CLANG_CXX_LIBRARY = "libc++";
				CLANG_ENABLE_MODULES = YES;
				CLANG_ENABLE_OBJC_ARC = YES;
				CLANG_WARN_BLOCK_CAPTURE_AUTORELEASING = YES;
				CLANG_WARN_BOOL_CONVERSION = YES;
				CLANG_WARN_COMMA = YES;
				CLANG_WARN_CONSTANT_CONVERSION = YES;
				CLANG_WARN_DIRECT_OBJC_ISA_USAGE = YES_ERROR;
				CLANG_WARN_DOCUMENTATION_COMMENTS = YES;
				CLANG_WARN_EMPTY_BODY = YES;
				CLANG_WARN_ENUM_CONVERSION = YES;
				CLANG_WARN_INFINITE_RECURSION = YES;
				CLANG_WARN_INT_CONVERSION = YES;
				CLANG_WARN_NON_LITERAL_NULL_CONVERSION = YES;
				CLANG_WARN_OBJC_LITERAL_CONVERSION = YES;
				CLANG_WARN_OBJC_ROOT_CLASS = YES_ERROR;
				CLANG_WARN_RANGE_LOOP_ANALYSIS = YES;
				CLANG_WARN_STRICT_PROTOTYPES = YES;
				CLANG_WARN_SUSPICIOUS_MOVE = YES;
				CLANG_WARN_UNGUARDED_AVAILABILITY = YES_AGGRESSIVE;
				CLANG_WARN_UNREACHABLE_CODE = YES;
				CLANG_WARN__DUPLICATE_METHOD_MATCH = YES;
				CODE_SIGN_IDENTITY = "iPhone Developer";
				COPY_PHASE_STRIP = NO;
				DEBUG_INFORMATION_FORMAT = "dwarf-with-dsym";
				ENABLE_NS_ASSERTIONS = NO;
				ENABLE_STRICT_OBJC_MSGSEND = YES;
				GCC_C_LANGUAGE_STANDARD = gnu11;
				GCC_NO_COMMON_BLOCKS = YES;
				GCC_WARN_64_TO_32_BIT_CONVERSION = YES;
				GCC_WARN_ABOUT_RETURN_TYPE = YES_ERROR;
				GCC_WARN_UNDECLARED_SELECTOR = YES;
				GCC_WARN_UNINITIALIZED_AUTOS = YES_AGGRESSIVE;
				GCC_WARN_UNUSED_FUNCTION = YES;
				GCC_WARN_UNUSED_VARIABLE = YES;
				IPHONEOS_DEPLOYMENT_TARGET = 11.2;
				MTL_ENABLE_DEBUG_INFO = NO;
				SDKROOT = iphoneos;
				SWIFT_OPTIMIZATION_LEVEL = "-Owholemodule";
				VALIDATE_PRODUCT = YES;
			};
			name = Release;
		};
		9198D97220043C0000A74271 /* Debug */ = {
			isa = XCBuildConfiguration;
			buildSettings = {
				ASSETCATALOG_COMPILER_APPICON_NAME = AppIcon;
				CODE_SIGN_STYLE = Automatic;
				DEVELOPMENT_TEAM = C6F4WPT6LK;
				INFOPLIST_FILE = ARKitGame/Info.plist;
				LD_RUNPATH_SEARCH_PATHS = "$(inherited) @executable_path/Frameworks";
				PRODUCT_BUNDLE_IDENTIFIER = chris.ARKitGame;
				PRODUCT_NAME = "$(TARGET_NAME)";
				SWIFT_VERSION = 4.0;
				TARGETED_DEVICE_FAMILY = "1,2";
			};
			name = Debug;
		};
		9198D97320043C0000A74271 /* Release */ = {
			isa = XCBuildConfiguration;
			buildSettings = {
				ASSETCATALOG_COMPILER_APPICON_NAME = AppIcon;
				CODE_SIGN_STYLE = Automatic;
				DEVELOPMENT_TEAM = C6F4WPT6LK;
				INFOPLIST_FILE = ARKitGame/Info.plist;
				LD_RUNPATH_SEARCH_PATHS = "$(inherited) @executable_path/Frameworks";
				PRODUCT_BUNDLE_IDENTIFIER = chris.ARKitGame;
				PRODUCT_NAME = "$(TARGET_NAME)";
				SWIFT_VERSION = 4.0;
				TARGETED_DEVICE_FAMILY = "1,2";
			};
			name = Release;
		};
		9198D97520043C0000A74271 /* Debug */ = {
			isa = XCBuildConfiguration;
			buildSettings = {
				ALWAYS_EMBED_SWIFT_STANDARD_LIBRARIES = YES;
				BUNDLE_LOADER = "$(TEST_HOST)";
				CODE_SIGN_STYLE = Automatic;
				INFOPLIST_FILE = ARKitGameTests/Info.plist;
				LD_RUNPATH_SEARCH_PATHS = "$(inherited) @executable_path/Frameworks @loader_path/Frameworks";
				PRODUCT_BUNDLE_IDENTIFIER = chris.ARKitGameTests;
				PRODUCT_NAME = "$(TARGET_NAME)";
				SWIFT_VERSION = 4.0;
				TARGETED_DEVICE_FAMILY = "1,2";
				TEST_HOST = "$(BUILT_PRODUCTS_DIR)/ARKitGame.app/ARKitGame";
			};
			name = Debug;
		};
		9198D97620043C0000A74271 /* Release */ = {
			isa = XCBuildConfiguration;
			buildSettings = {
				ALWAYS_EMBED_SWIFT_STANDARD_LIBRARIES = YES;
				BUNDLE_LOADER = "$(TEST_HOST)";
				CODE_SIGN_STYLE = Automatic;
				INFOPLIST_FILE = ARKitGameTests/Info.plist;
				LD_RUNPATH_SEARCH_PATHS = "$(inherited) @executable_path/Frameworks @loader_path/Frameworks";
				PRODUCT_BUNDLE_IDENTIFIER = chris.ARKitGameTests;
				PRODUCT_NAME = "$(TARGET_NAME)";
				SWIFT_VERSION = 4.0;
				TARGETED_DEVICE_FAMILY = "1,2";
				TEST_HOST = "$(BUILT_PRODUCTS_DIR)/ARKitGame.app/ARKitGame";
			};
			name = Release;
		};
		9198D97820043C0000A74271 /* Debug */ = {
			isa = XCBuildConfiguration;
			buildSettings = {
				ALWAYS_EMBED_SWIFT_STANDARD_LIBRARIES = YES;
				CODE_SIGN_STYLE = Automatic;
				INFOPLIST_FILE = ARKitGameUITests/Info.plist;
				LD_RUNPATH_SEARCH_PATHS = "$(inherited) @executable_path/Frameworks @loader_path/Frameworks";
				PRODUCT_BUNDLE_IDENTIFIER = chris.ARKitGameUITests;
				PRODUCT_NAME = "$(TARGET_NAME)";
				SWIFT_VERSION = 4.0;
				TARGETED_DEVICE_FAMILY = "1,2";
				TEST_TARGET_NAME = ARKitGame;
			};
			name = Debug;
		};
		9198D97920043C0000A74271 /* Release */ = {
			isa = XCBuildConfiguration;
			buildSettings = {
				ALWAYS_EMBED_SWIFT_STANDARD_LIBRARIES = YES;
				CODE_SIGN_STYLE = Automatic;
				INFOPLIST_FILE = ARKitGameUITests/Info.plist;
				LD_RUNPATH_SEARCH_PATHS = "$(inherited) @executable_path/Frameworks @loader_path/Frameworks";
				PRODUCT_BUNDLE_IDENTIFIER = chris.ARKitGameUITests;
				PRODUCT_NAME = "$(TARGET_NAME)";
				SWIFT_VERSION = 4.0;
				TARGETED_DEVICE_FAMILY = "1,2";
				TEST_TARGET_NAME = ARKitGame;
			};
			name = Release;
		};
/* End XCBuildConfiguration section */

/* Begin XCConfigurationList section */
		9198D94420043C0000A74271 /* Build configuration list for PBXProject "ARKitGame" */ = {
			isa = XCConfigurationList;
			buildConfigurations = (
				9198D96F20043C0000A74271 /* Debug */,
				9198D97020043C0000A74271 /* Release */,
			);
			defaultConfigurationIsVisible = 0;
			defaultConfigurationName = Release;
		};
		9198D97120043C0000A74271 /* Build configuration list for PBXNativeTarget "ARKitGame" */ = {
			isa = XCConfigurationList;
			buildConfigurations = (
				9198D97220043C0000A74271 /* Debug */,
				9198D97320043C0000A74271 /* Release */,
			);
			defaultConfigurationIsVisible = 0;
			defaultConfigurationName = Release;
		};
		9198D97420043C0000A74271 /* Build configuration list for PBXNativeTarget "ARKitGameTests" */ = {
			isa = XCConfigurationList;
			buildConfigurations = (
				9198D97520043C0000A74271 /* Debug */,
				9198D97620043C0000A74271 /* Release */,
			);
			defaultConfigurationIsVisible = 0;
			defaultConfigurationName = Release;
		};
		9198D97720043C0000A74271 /* Build configuration list for PBXNativeTarget "ARKitGameUITests" */ = {
			isa = XCConfigurationList;
			buildConfigurations = (
				9198D97820043C0000A74271 /* Debug */,
				9198D97920043C0000A74271 /* Release */,
			);
			defaultConfigurationIsVisible = 0;
			defaultConfigurationName = Release;
		};
/* End XCConfigurationList section */
	};
	rootObject = 9198D94120043C0000A74271 /* Project object */;
}
